
Microsoft Visual Studio Solution File, Format Version 12.00
# Visual Studio Version 16
VisualStudioVersion = 16.0.30517.126
MinimumVisualStudioVersion = 10.0.40219.1
Project("{FAE04EC0-301F-11D3-BF4B-00C04F79EFBC}") = "Test", "Test\Test.csproj", "{CE58F5A6-0717-466E-A0F8-FC7D1C77618E}"
EndProject
Global
	GlobalSection(SolutionConfigurationPlatforms) = preSolution
		Debug|Any CPU = Debug|Any CPU
		Release|Any CPU = Release|Any CPU
	EndGlobalSection
	GlobalSection(ProjectConfigurationPlatforms) = postSolution
		{CE58F5A6-0717-466E-A0F8-FC7D1C77618E}.Debug|Any CPU.ActiveCfg = Debug|Any CPU
		{CE58F5A6-0717-466E-A0F8-FC7D1C77618E}.Debug|Any CPU.Build.0 = Debug|Any CPU
		{CE58F5A6-0717-466E-A0F8-FC7D1C77618E}.Release|Any CPU.ActiveCfg = Release|Any CPU
		{CE58F5A6-0717-466E-A0F8-FC7D1C77618E}.Release|Any CPU.Build.0 = Release|Any CPU
	EndGlobalSection
	GlobalSection(SolutionProperties) = preSolution
		HideSolutionNode = FALSE
	EndGlobalSection
	GlobalSection(ExtensibilityGlobals) = postSolution
		SolutionGuid = {BA50D2D4-2C80-4CF5-9C08-05E8A058D142}
	EndGlobalSection
EndGlobal
